
Microsoft Visual Studio Solution File, Format Version 12.00
# Visual Studio 15
VisualStudioVersion = 15.0.27004.2008
MinimumVisualStudioVersion = 10.0.40219.1
Project("{2150E333-8FDC-42A3-9474-1A3956D46DE8}") = "Data", "Data", "{B3A47270-CDBF-4A26-8A40-D3899D2F3778}"
EndProject
Project("{2150E333-8FDC-42A3-9474-1A3956D46DE8}") = "APIs", "APIs", "{EAB8E136-7161-4629-BE06-6A9680027DCD}"
EndProject
Project("{FAE04EC0-301F-11D3-BF4B-00C04F79EFBC}") = "WishList.Data", "Data\WishList.Data\WishList.Data.csproj", "{0B8DF236-1FF5-4B51-8729-C5D977D0FCA9}"
EndProject
Project("{FAE04EC0-301F-11D3-BF4B-00C04F79EFBC}") = "WishList.Models", "Data\WishList.Models\WishList.Models.csproj", "{8BB5E7F0-3019-4A15-AA5E-296A861ACAFC}"
EndProject
Project("{FAE04EC0-301F-11D3-BF4B-00C04F79EFBC}") = "WishList.API", "APIs\WishList.API\WishList.API.csproj", "{F9740772-E381-498F-8EA9-4C557EDCB4DE}"
EndProject
Global
	GlobalSection(SolutionConfigurationPlatforms) = preSolution
		Debug|Any CPU = Debug|Any CPU
		Release|Any CPU = Release|Any CPU
	EndGlobalSection
	GlobalSection(ProjectConfigurationPlatforms) = postSolution
		{0B8DF236-1FF5-4B51-8729-C5D977D0FCA9}.Debug|Any CPU.ActiveCfg = Debug|Any CPU
		{0B8DF236-1FF5-4B51-8729-C5D977D0FCA9}.Debug|Any CPU.Build.0 = Debug|Any CPU
		{0B8DF236-1FF5-4B51-8729-C5D977D0FCA9}.Release|Any CPU.ActiveCfg = Release|Any CPU
		{0B8DF236-1FF5-4B51-8729-C5D977D0FCA9}.Release|Any CPU.Build.0 = Release|Any CPU
		{8BB5E7F0-3019-4A15-AA5E-296A861ACAFC}.Debug|Any CPU.ActiveCfg = Debug|Any CPU
		{8BB5E7F0-3019-4A15-AA5E-296A861ACAFC}.Debug|Any CPU.Build.0 = Debug|Any CPU
		{8BB5E7F0-3019-4A15-AA5E-296A861ACAFC}.Release|Any CPU.ActiveCfg = Release|Any CPU
		{8BB5E7F0-3019-4A15-AA5E-296A861ACAFC}.Release|Any CPU.Build.0 = Release|Any CPU
		{F9740772-E381-498F-8EA9-4C557EDCB4DE}.Debug|Any CPU.ActiveCfg = Debug|Any CPU
		{F9740772-E381-498F-8EA9-4C557EDCB4DE}.Debug|Any CPU.Build.0 = Debug|Any CPU
		{F9740772-E381-498F-8EA9-4C557EDCB4DE}.Release|Any CPU.ActiveCfg = Release|Any CPU
		{F9740772-E381-498F-8EA9-4C557EDCB4DE}.Release|Any CPU.Build.0 = Release|Any CPU
	EndGlobalSection
	GlobalSection(SolutionProperties) = preSolution
		HideSolutionNode = FALSE
	EndGlobalSection
	GlobalSection(NestedProjects) = preSolution
		{0B8DF236-1FF5-4B51-8729-C5D977D0FCA9} = {B3A47270-CDBF-4A26-8A40-D3899D2F3778}
		{8BB5E7F0-3019-4A15-AA5E-296A861ACAFC} = {B3A47270-CDBF-4A26-8A40-D3899D2F3778}
		{F9740772-E381-498F-8EA9-4C557EDCB4DE} = {EAB8E136-7161-4629-BE06-6A9680027DCD}
	EndGlobalSection
	GlobalSection(ExtensibilityGlobals) = postSolution
		SolutionGuid = {6166BEF0-1FC2-4E65-BCDC-7F5F4CB8BB66}
	EndGlobalSection
EndGlobal
